{
  "name": "paseo-peer",
  "version": "0.0.0",
  "lockfileVersion": 3,
  "requires": true,
  "packages": {
    "": {
      "name": "paseo-peer",
      "version": "0.0.0",
      "dependencies": {
        "@getpaseo/client": "0.10.3",
        "ws": "8.21.0"
      }
    },
    "node_modules/@getpaseo/client": {
      "version": "0.10.3",
      "resolved": "https://registry.npmjs.org/@getpaseo/client/-/client-0.10.3.tgz",
      "integrity": "sha512-As65uU9zPFueDwrWo+gR8mEomY2rRh/I+ggPSi3rQAcDJONReXvQiZaovl+jUpY01VJvLmwo5vuE4r6YBu94YA==",
      "dependencies": {
        "@getpaseo/protocol": "0.10.3",
        "@getpaseo/relay": "0.10.3",
        "zod": "^4.4.3"
      }
    },
    "node_modules/@getpaseo/protocol": {
      "version": "0.10.3",
      "resolved": "https://registry.npmjs.org/@getpaseo/protocol/-/protocol-0.10.3.tgz",
      "integrity": "sha512-t9Ca9EbYgQMdKGNIFtHrYSJFQZdM/1YbSdCoevaklVGEhijN87PEgiQh+Po0rw6zEQ6uXs5l4GGLsnYEG7ecJQ==",
      "dependencies": {
        "semver": "^7.8.5",
        "zod": "^4.4.3"
      }
    },
    "node_modules/@getpaseo/relay": {
      "version": "0.10.3",
      "resolved": "https://registry.npmjs.org/@getpaseo/relay/-/relay-0.10.3.tgz",
      "integrity": "sha512-ACAcS6s4dDv26pfz+3V2dk7v6q7UAU2uapZMRn9smSem/tpcfQqvNWqEwn5b3Bz78zDvHnLvjcZxKbAtX8XrTg==",
      "dependencies": {
        "base64-js": "^1.5.1",
        "tweetnacl": "^1.0.3",
        "ws": "^8.14.2"
      }
    },
    "node_modules/base64-js": {
      "version": "1.5.1",
      "resolved": "https://registry.npmjs.org/base64-js/-/base64-js-1.5.1.tgz",
      "integrity": "sha512-AKpaYlHn8t4SVbOHCy+b5+KKgvR4vrsD8vbvrbiQJps7fKDTkjkDry6ji0rUJjC0kzbNePLwzxq8iypo41qeWA==",
      "funding": [
        {
          "type": "github",
          "url": "https://github.com/sponsors/feross"
        },
        {
          "type": "patreon",
          "url": "https://www.patreon.com/feross"
        },
        {
          "type": "consulting",
          "url": "https://feross.org/support"
        }
      ],
      "license": "MIT"
    },
    "node_modules/semver": {
      "version": "7.8.5",
      "resolved": "https://registry.npmjs.org/semver/-/semver-7.8.5.tgz",
      "integrity": "sha512-Y7/KDsb8LjooZpwaqGyulO6DQlksgCncchHGk+sZIY4SBvUocMBEFH5Ur1fI4dV+Jvl0w6cjvucaIi40puRioA==",
      "license": "ISC",
      "bin": {
        "semver": "bin/semver.js"
      },
      "engines": {
        "node": ">=10"
      }
    },
    "node_modules/tweetnacl": {
      "version": "1.0.3",
      "resolved": "https://registry.npmjs.org/tweetnacl/-/tweetnacl-1.0.3.tgz",
      "integrity": "sha512-6rt+RN7aOi1nGMyC4Xa5DdYiukl2UWCbcJft7YhxReBGQD7OAM8Pbxw6YMo4r2diNEA8FEmu32YOn9rhaiE5yw==",
      "license": "Unlicense"
    },
    "node_modules/ws": {
      "version": "8.21.0",
      "license": "MIT",
      "engines": {
        "node": ">=10.0.0"
      },
      "peerDependencies": {
        "bufferutil": "^4.0.1",
        "utf-8-validate": ">=5.0.2"
      },
      "peerDependenciesMeta": {
        "bufferutil": {
          "optional": true
        },
        "utf-8-validate": {
          "optional": true
        }
      }
    },
    "node_modules/zod": {
      "version": "4.6.5",
      "resolved": "https://registry.npmjs.org/zod/-/zod-4.6.5.tgz",
      "integrity": "sha512-v5l/aFXZQeai4awLbOpSoHecE9UiMrnfx75tEXLjNonXVARxQ5mOeipTjROUchszUNCqnE+hqAMujRsRHsut2Q==",
      "license": "MIT",
      "funding": {
        "url": "https://github.com/sponsors/colinhacks"
      }
    }
  }
}
